// !$*UTF8*$!
{
	archiveVersion = 1;
	classes = {
	};
	objectVersion = 46;
	objects = {

/* Begin PBXBuildFile section */
		039314C91D16374300A7ADDC /* main.m in Sources */ = {isa = PBXBuildFile; fileRef = 039314C81D16374300A7ADDC /* main.m */; };
		039314CC1D16374300A7ADDC /* AppDelegate.m in Sources */ = {isa = PBXBuildFile; fileRef = 039314CB1D16374300A7ADDC /* AppDelegate.m */; };
		039314CF1D16374300A7ADDC /* ViewController.m in Sources */ = {isa = PBXBuildFile; fileRef = 039314CE1D16374300A7ADDC /* ViewController.m */; };
		039314D21D16374300A7ADDC /* Main.storyboard in Resources */ = {isa = PBXBuildFile; fileRef = 039314D01D16374300A7ADDC /* Main.storyboard */; };
		039314D41D16374300A7ADDC /* Assets.xcassets in Resources */ = {isa = PBXBuildFile; fileRef = 039314D31D16374300A7ADDC /* Assets.xcassets */; };
		039314D71D16374300A7ADDC /* LaunchScreen.storyboard in Resources */ = {isa = PBXBuildFile; fileRef = 039314D51D16374300A7ADDC /* LaunchScreen.storyboard */; };
		039314E41D16382800A7ADDC /* LXHBezierPath.m in Sources */ = {isa = PBXBuildFile; fileRef = 039314DF1D16382800A7ADDC /* LXHBezierPath.m */; };
		039314E51D16382800A7ADDC /* LXHDrawImageView.m in Sources */ = {isa = PBXBuildFile; fileRef = 039314E11D16382800A7ADDC /* LXHDrawImageView.m */; };
		039314E61D16382800A7ADDC /* LXHDrawView.m in Sources */ = {isa = PBXBuildFile; fileRef = 039314E31D16382800A7ADDC /* LXHDrawView.m */; };
/* End PBXBuildFile section */

/* Begin PBXFileReference section */
		039314C41D16374300A7ADDC /* DrawImage.app */ = {isa = PBXFileReference; explicitFileType = wrapper.application; includeInIndex = 0; path = DrawImage.app; sourceTree = BUILT_PRODUCTS_DIR; };
		039314C81D16374300A7ADDC /* main.m */ = {isa = PBXFileReference; lastKnownFileType = sourcecode.c.objc; path = main.m; sourceTree = "<group>"; };
		039314CA1D16374300A7ADDC /* AppDelegate.h */ = {isa = PBXFileReference; lastKnownFileType = sourcecode.c.h; path = AppDelegate.h; sourceTree = "<group>"; };
		039314CB1D16374300A7ADDC /* AppDelegate.m */ = {isa = PBXFileReference; lastKnownFileType = sourcecode.c.objc; path = AppDelegate.m; sourceTree = "<group>"; };
		039314CD1D16374300A7ADDC /* ViewController.h */ = {isa = PBXFileReference; lastKnownFileType = sourcecode.c.h; path = ViewController.h; sourceTree = "<group>"; };
		039314CE1D16374300A7ADDC /* ViewController.m */ = {isa = PBXFileReference; lastKnownFileType = sourcecode.c.objc; path = ViewController.m; sourceTree = "<group>"; };
		039314D11D16374300A7ADDC /* Base */ = {isa = PBXFileReference; lastKnownFileType = file.storyboard; name = Base; path = Base.lproj/Main.storyboard; sourceTree = "<group>"; };
		039314D31D16374300A7ADDC /* Assets.xcassets */ = {isa = PBXFileReference; lastKnownFileType = folder.assetcatalog; path = Assets.xcassets; sourceTree = "<group>"; };
		039314D61D16374300A7ADDC /* Base */ = {isa = PBXFileReference; lastKnownFileType = file.storyboard; name = Base; path = Base.lproj/LaunchScreen.storyboard; sourceTree = "<group>"; };
		039314D81D16374300A7ADDC /* Info.plist */ = {isa = PBXFileReference; lastKnownFileType = text.plist.xml; path = Info.plist; sourceTree = "<group>"; };
		039314DE1D16382800A7ADDC /* LXHBezierPath.h */ = {isa = PBXFileReference; fileEncoding = 4; lastKnownFileType = sourcecode.c.h; path = LXHBezierPath.h; sourceTree = "<group>"; };
		039314DF1D16382800A7ADDC /* LXHBezierPath.m */ = {isa = PBXFileReference; fileEncoding = 4; lastKnownFileType = sourcecode.c.objc; path = LXHBezierPath.m; sourceTree = "<group>"; };
		039314E01D16382800A7ADDC /* LXHDrawImageView.h */ = {isa = PBXFileReference; fileEncoding = 4; lastKnownFileType = sourcecode.c.h; path = LXHDrawImageView.h; sourceTree = "<group>"; };
		039314E11D16382800A7ADDC /* LXHDrawImageView.m */ = {isa = PBXFileReference; fileEncoding = 4; lastKnownFileType = sourcecode.c.objc; path = LXHDrawImageView.m; sourceTree = "<group>"; };
		039314E21D16382800A7ADDC /* LXHDrawView.h */ = {isa = PBXFileReference; fileEncoding = 4; lastKnownFileType = sourcecode.c.h; path = LXHDrawView.h; sourceTree = "<group>"; };
		039314E31D16382800A7ADDC /* LXHDrawView.m */ = {isa = PBXFileReference; fileEncoding = 4; lastKnownFileType = sourcecode.c.objc; path = LXHDrawView.m; sourceTree = "<group>"; };
/* End PBXFileReference section */

/* Begin PBXFrameworksBuildPhase section */
		039314C11D16374300A7ADDC /* Frameworks */ = {
			isa = PBXFrameworksBuildPhase;
			buildActionMask = 2147483647;
			files = (
			);
			runOnlyForDeploymentPostprocessing = 0;
		};
/* End PBXFrameworksBuildPhase section */

/* Begin PBXGroup section */
		039314BB1D16374300A7ADDC = {
			isa = PBXGroup;
			children = (
				039314C61D16374300A7ADDC /* DrawImage */,
				039314C51D16374300A7ADDC /* Products */,
			);
			sourceTree = "<group>";
		};
		039314C51D16374300A7ADDC /* Products */ = {
			isa = PBXGroup;
			children = (
				039314C41D16374300A7ADDC /* DrawImage.app */,
			);
			name = Products;
			sourceTree = "<group>";
		};
		039314C61D16374300A7ADDC /* DrawImage */ = {
			isa = PBXGroup;
			children = (
				039314CA1D16374300A7ADDC /* AppDelegate.h */,
				039314CB1D16374300A7ADDC /* AppDelegate.m */,
				039314CD1D16374300A7ADDC /* ViewController.h */,
				039314CE1D16374300A7ADDC /* ViewController.m */,
				039314D01D16374300A7ADDC /* Main.storyboard */,
				039314DE1D16382800A7ADDC /* LXHBezierPath.h */,
				039314DF1D16382800A7ADDC /* LXHBezierPath.m */,
				039314E01D16382800A7ADDC /* LXHDrawImageView.h */,
				039314E11D16382800A7ADDC /* LXHDrawImageView.m */,
				039314E21D16382800A7ADDC /* LXHDrawView.h */,
				039314E31D16382800A7ADDC /* LXHDrawView.m */,
				039314D31D16374300A7ADDC /* Assets.xcassets */,
				039314D51D16374300A7ADDC /* LaunchScreen.storyboard */,
				039314D81D16374300A7ADDC /* Info.plist */,
				039314C71D16374300A7ADDC /* Supporting Files */,
			);
			path = DrawImage;
			sourceTree = "<group>";
		};
		039314C71D16374300A7ADDC /* Supporting Files */ = {
			isa = PBXGroup;
			children = (
				039314C81D16374300A7ADDC /* main.m */,
			);
			name = "Supporting Files";
			sourceTree = "<group>";
		};
/* End PBXGroup section */

/* Begin PBXNativeTarget section */
		039314C31D16374300A7ADDC /* DrawImage */ = {
			isa = PBXNativeTarget;
			buildConfigurationList = 039314DB1D16374300A7ADDC /* Build configuration list for PBXNativeTarget "DrawImage" */;
			buildPhases = (
				039314C01D16374300A7ADDC /* Sources */,
				039314C11D16374300A7ADDC /* Frameworks */,
				039314C21D16374300A7ADDC /* Resources */,
			);
			buildRules = (
			);
			dependencies = (
			);
			name = DrawImage;
			productName = DrawImage;
			productReference = 039314C41D16374300A7ADDC /* DrawImage.app */;
			productType = "com.apple.product-type.application";
		};
/* End PBXNativeTarget section */

/* Begin PBXProject section */
		039314BC1D16374300A7ADDC /* Project object */ = {
			isa = PBXProject;
			attributes = {
				LastUpgradeCheck = 0730;
				ORGANIZATIONNAME = moxuyou;
				TargetAttributes = {
					039314C31D16374300A7ADDC = {
						CreatedOnToolsVersion = 7.3;
					};
				};
			};
			buildConfigurationList = 039314BF1D16374300A7ADDC /* Build configuration list for PBXProject "DrawImage" */;
			compatibilityVersion = "Xcode 3.2";
			developmentRegion = English;
			hasScannedForEncodings = 0;
			knownRegions = (
				en,
				Base,
			);
			mainGroup = 039314BB1D16374300A7ADDC;
			productRefGroup = 039314C51D16374300A7ADDC /* Products */;
			projectDirPath = "";
			projectRoot = "";
			targets = (
				039314C31D16374300A7ADDC /* DrawImage */,
			);
		};
/* End PBXProject section */

/* Begin PBXResourcesBuildPhase section */
		039314C21D16374300A7ADDC /* Resources */ = {
			isa = PBXResourcesBuildPhase;
			buildActionMask = 2147483647;
			files = (
				039314D71D16374300A7ADDC /* LaunchScreen.storyboard in Resources */,
				039314D41D16374300A7ADDC /* Assets.xcassets in Resources */,
				039314D21D16374300A7ADDC /* Main.storyboard in Resources */,
			);
			runOnlyForDeploymentPostprocessing = 0;
		};
/* End PBXResourcesBuildPhase section */

/* Begin PBXSourcesBuildPhase section */
		039314C01D16374300A7ADDC /* Sources */ = {
			isa = PBXSourcesBuildPhase;
			buildActionMask = 2147483647;
			files = (
				039314E41D16382800A7ADDC /* LXHBezierPath.m in Sources */,
				039314E61D16382800A7ADDC /* LXHDrawView.m in Sources */,
				039314E51D16382800A7ADDC /* LXHDrawImageView.m in Sources */,
				039314CF1D16374300A7ADDC /* ViewController.m in Sources */,
				039314CC1D16374300A7ADDC /* AppDelegate.m in Sources */,
				039314C91D16374300A7ADDC /* main.m in Sources */,
			);
			runOnlyForDeploymentPostprocessing = 0;
		};
/* End PBXSourcesBuildPhase section */

/* Begin PBXVariantGroup section */
		039314D01D16374300A7ADDC /* Main.storyboard */ = {
			isa = PBXVariantGroup;
			children = (
				039314D11D16374300A7ADDC /* Base */,
			);
			name = Main.storyboard;
			sourceTree = "<group>";
		};
		039314D51D16374300A7ADDC /* LaunchScreen.storyboard */ = {
			isa = PBXVariantGroup;
			children = (
				039314D61D16374300A7ADDC /* Base */,
			);
			name = LaunchScreen.storyboard;
			sourceTree = "<group>";
		};
/* End PBXVariantGroup section */

/* Begin XCBuildConfiguration section */
		039314D91D16374300A7ADDC /* Debug */ = {
			isa = XCBuildConfiguration;
			buildSettings = {
				ALWAYS_SEARCH_USER_PATHS = NO;
				CLANG_ANALYZER_NONNULL = YES;
				CLANG_CXX_LANGUAGE_STANDARD = "gnu++0x";
				CLANG_CXX_LIBRARY = "libc++";
				CLANG_ENABLE_MODULES = YES;
				CLANG_ENABLE_OBJC_ARC = YES;
				CLANG_WARN_BOOL_CONVERSION = YES;
				CLANG_WARN_CONSTANT_CONVERSION = YES;
				CLANG_WARN_DIRECT_OBJC_ISA_USAGE = YES_ERROR;
				CLANG_WARN_EMPTY_BODY = YES;
				CLANG_WARN_ENUM_CONVERSION = YES;
				CLANG_WARN_INT_CONVERSION = YES;
				CLANG_WARN_OBJC_ROOT_CLASS = YES_ERROR;
				CLANG_WARN_UNREACHABLE_CODE = YES;
				CLANG_WARN__DUPLICATE_METHOD_MATCH = YES;
				"CODE_SIGN_IDENTITY[sdk=iphoneos*]" = "iPhone Developer";
				COPY_PHASE_STRIP = NO;
				DEBUG_INFORMATION_FORMAT = dwarf;
				ENABLE_STRICT_OBJC_MSGSEND = YES;
				ENABLE_TESTABILITY = YES;
				GCC_C_LANGUAGE_STANDARD = gnu99;
				GCC_DYNAMIC_NO_PIC = NO;
				GCC_NO_COMMON_BLOCKS = YES;
				GCC_OPTIMIZATION_LEVEL = 0;
				GCC_PREPROCESSOR_DEFINITIONS = (
					"DEBUG=1",
					"$(inherited)",
				);
				GCC_WARN_64_TO_32_BIT_CONVERSION = YES;
				GCC_WARN_ABOUT_RETURN_TYPE = YES_ERROR;
				GCC_WARN_UNDECLARED_SELECTOR = YES;
				GCC_WARN_UNINITIALIZED_AUTOS = YES_AGGRESSIVE;
				GCC_WARN_UNUSED_FUNCTION = YES;
				GCC_WARN_UNUSED_VARIABLE = YES;
				IPHONEOS_DEPLOYMENT_TARGET = 9.3;
				MTL_ENABLE_DEBUG_INFO = YES;
				ONLY_ACTIVE_ARCH = YES;
				SDKROOT = iphoneos;
			};
			name = Debug;
		};
		039314DA1D16374300A7ADDC /* Release */ = {
			isa = XCBuildConfiguration;
			buildSettings = {
				ALWAYS_SEARCH_USER_PATHS = NO;
				CLANG_ANALYZER_NONNULL = YES;
				CLANG_CXX_LANGUAGE_STANDARD = "gnu++0x";
				CLANG_CXX_LIBRARY = "libc++";
				CLANG_ENABLE_MODULES = YES;
				CLANG_ENABLE_OBJC_ARC = YES;
				CLANG_WARN_BOOL_CONVERSION = YES;
				CLANG_WARN_CONSTANT_CONVERSION = YES;
				CLANG_WARN_DIRECT_OBJC_ISA_USAGE = YES_ERROR;
				CLANG_WARN_EMPTY_BODY = YES;
				CLANG_WARN_ENUM_CONVERSION = YES;
				CLANG_WARN_INT_CONVERSION = YES;
				CLANG_WARN_OBJC_ROOT_CLASS = YES_ERROR;
				CLANG_WARN_UNREACHABLE_CODE = YES;
				CLANG_WARN__DUPLICATE_METHOD_MATCH = YES;
				"CODE_SIGN_IDENTITY[sdk=iphoneos*]" = "iPhone Developer";
				COPY_PHASE_STRIP = NO;
				DEBUG_INFORMATION_FORMAT = "dwarf-with-dsym";
				ENABLE_NS_ASSERTIONS = NO;
				ENABLE_STRICT_OBJC_MSGSEND = YES;
				GCC_C_LANGUAGE_STANDARD = gnu99;
				GCC_NO_COMMON_BLOCKS = YES;
				GCC_WARN_64_TO_32_BIT_CONVERSION = YES;
				GCC_WARN_ABOUT_RETURN_TYPE = YES_ERROR;
				GCC_WARN_UNDECLARED_SELECTOR = YES;
				GCC_WARN_UNINITIALIZED_AUTOS = YES_AGGRESSIVE;
				GCC_WARN_UNUSED_FUNCTION = YES;
				GCC_WARN_UNUSED_VARIABLE = YES;
				IPHONEOS_DEPLOYMENT_TARGET = 9.3;
				MTL_ENABLE_DEBUG_INFO = NO;
				SDKROOT = iphoneos;
				VALIDATE_PRODUCT = YES;
			};
			name = Release;
		};
		039314DC1D16374300A7ADDC /* Debug */ = {
			isa = XCBuildConfiguration;
			buildSettings = {
				ASSETCATALOG_COMPILER_APPICON_NAME = AppIcon;
				INFOPLIST_FILE = DrawImage/Info.plist;
				LD_RUNPATH_SEARCH_PATHS = "$(inherited) @executable_path/Frameworks";
				PRODUCT_BUNDLE_IDENTIFIER = com.moxuyou.DrawImage;
				PRODUCT_NAME = "$(TARGET_NAME)";
			};
			name = Debug;
		};
		039314DD1D16374300A7ADDC /* Release */ = {
			isa = XCBuildConfiguration;
			buildSettings = {
				ASSETCATALOG_COMPILER_APPICON_NAME = AppIcon;
				INFOPLIST_FILE = DrawImage/Info.plist;
				LD_RUNPATH_SEARCH_PATHS = "$(inherited) @executable_path/Frameworks";
				PRODUCT_BUNDLE_IDENTIFIER = com.moxuyou.DrawImage;
				PRODUCT_NAME = "$(TARGET_NAME)";
			};
			name = Release;
		};
/* End XCBuildConfiguration section */

/* Begin XCConfigurationList section */
		039314BF1D16374300A7ADDC /* Build configuration list for PBXProject "DrawImage" */ = {
			isa = XCConfigurationList;
			buildConfigurations = (
				039314D91D16374300A7ADDC /* Debug */,
				039314DA1D16374300A7ADDC /* Release */,
			);
			defaultConfigurationIsVisible = 0;
			defaultConfigurationName = Release;
		};
		039314DB1D16374300A7ADDC /* Build configuration list for PBXNativeTarget "DrawImage" */ = {
			isa = XCConfigurationList;
			buildConfigurations = (
				039314DC1D16374300A7ADDC /* Debug */,
				039314DD1D16374300A7ADDC /* Release */,
			);
			defaultConfigurationIsVisible = 0;
		};
/* End XCConfigurationList section */
	};
	rootObject = 039314BC1D16374300A7ADDC /* Project object */;
}
